
Microsoft Visual Studio Solution File, Format Version 12.00
# Visual Studio Version 17
VisualStudioVersion = 17.4.33205.214
MinimumVisualStudioVersion = 10.0.40219.1
Project("{FAE04EC0-301F-11D3-BF4B-00C04F79EFBC}") = "ConsoleApp1", "ConsoleApp1\ConsoleApp1.csproj", "{386565F5-793D-4B17-BF34-66AECFFBA894}"
EndProject
Global
	GlobalSection(SolutionConfigurationPlatforms) = preSolution
		Debug|Any CPU = Debug|Any CPU
		Release|Any CPU = Release|Any CPU
	EndGlobalSection
	GlobalSection(ProjectConfigurationPlatforms) = postSolution
		{386565F5-793D-4B17-BF34-66AECFFBA894}.Debug|Any CPU.ActiveCfg = Debug|Any CPU
		{386565F5-793D-4B17-BF34-66AECFFBA894}.Debug|Any CPU.Build.0 = Debug|Any CPU
		{386565F5-793D-4B17-BF34-66AECFFBA894}.Release|Any CPU.ActiveCfg = Release|Any CPU
		{386565F5-793D-4B17-BF34-66AECFFBA894}.Release|Any CPU.Build.0 = Release|Any CPU
	EndGlobalSection
	GlobalSection(SolutionProperties) = preSolution
		HideSolutionNode = FALSE
	EndGlobalSection
	GlobalSection(ExtensibilityGlobals) = postSolution
		SolutionGuid = {87D20C14-C19E-4AC2-84A6-97FE34C30E60}
	EndGlobalSection
EndGlobal
